// !$*UTF8*$!
{
	archiveVersion = 1;
	classes = {
	};
	objectVersion = 50;
	objects = {

/* Begin PBXBuildFile section */
		4F964620211C11AB00114B03 /* AppDelegate.swift in Sources */ = {isa = PBXBuildFile; fileRef = 4F96461F211C11AB00114B03 /* AppDelegate.swift */; };
		4F964622211C11AB00114B03 /* MapViewController.swift in Sources */ = {isa = PBXBuildFile; fileRef = 4F964621211C11AB00114B03 /* MapViewController.swift */; };
		4F964625211C11AB00114B03 /* Main.storyboard in Resources */ = {isa = PBXBuildFile; fileRef = 4F964623211C11AB00114B03 /* Main.storyboard */; };
		4F964627211C11AC00114B03 /* Assets.xcassets in Resources */ = {isa = PBXBuildFile; fileRef = 4F964626211C11AC00114B03 /* Assets.xcassets */; };
		4F96462A211C11AC00114B03 /* LaunchScreen.storyboard in Resources */ = {isa = PBXBuildFile; fileRef = 4F964628211C11AC00114B03 /* LaunchScreen.storyboard */; };
		4F964635211C11AC00114B03 /* DepthMeasurementsTests.swift in Sources */ = {isa = PBXBuildFile; fileRef = 4F964634211C11AC00114B03 /* DepthMeasurementsTests.swift */; };
		4F964640211C11AC00114B03 /* DepthMeasurementsUITests.swift in Sources */ = {isa = PBXBuildFile; fileRef = 4F96463F211C11AC00114B03 /* DepthMeasurementsUITests.swift */; };
		4F96464F211C210D00114B03 /* CoreLocation.framework in Frameworks */ = {isa = PBXBuildFile; fileRef = 4F96464E211C210D00114B03 /* CoreLocation.framework */; };
		4F964651211C31B000114B03 /* MeasurementsModel.swift in Sources */ = {isa = PBXBuildFile; fileRef = 4F964650211C31B000114B03 /* MeasurementsModel.swift */; };
		4FC817A9211C5D1A006B6ECD /* PagesViewController.swift in Sources */ = {isa = PBXBuildFile; fileRef = 4FC817A8211C5D1A006B6ECD /* PagesViewController.swift */; };
		4FEA6334212163C400E33AE9 /* MeasurementTableRowTableViewCell.swift in Sources */ = {isa = PBXBuildFile; fileRef = 4FEA6333212163C400E33AE9 /* MeasurementTableRowTableViewCell.swift */; };
		4FEA633621216FD800E33AE9 /* MeasurementTableViewController.swift in Sources */ = {isa = PBXBuildFile; fileRef = 4FEA633521216FD800E33AE9 /* MeasurementTableViewController.swift */; };
/* End PBXBuildFile section */

/* Begin PBXContainerItemProxy section */
		4F964631211C11AC00114B03 /* PBXContainerItemProxy */ = {
			isa = PBXContainerItemProxy;
			containerPortal = 4F964614211C11AB00114B03 /* Project object */;
			proxyType = 1;
			remoteGlobalIDString = 4F96461B211C11AB00114B03;
			remoteInfo = DepthMeasurements;
		};
		4F96463C211C11AC00114B03 /* PBXContainerItemProxy */ = {
			isa = PBXContainerItemProxy;
			containerPortal = 4F964614211C11AB00114B03 /* Project object */;
			proxyType = 1;
			remoteGlobalIDString = 4F96461B211C11AB00114B03;
			remoteInfo = DepthMeasurements;
		};
/* End PBXContainerItemProxy section */

/* Begin PBXFileReference section */
		4F96461C211C11AB00114B03 /* DepthMeasurements.app */ = {isa = PBXFileReference; explicitFileType = wrapper.application; includeInIndex = 0; path = DepthMeasurements.app; sourceTree = BUILT_PRODUCTS_DIR; };
		4F96461F211C11AB00114B03 /* AppDelegate.swift */ = {isa = PBXFileReference; lastKnownFileType = sourcecode.swift; path = AppDelegate.swift; sourceTree = "<group>"; };
		4F964621211C11AB00114B03 /* MapViewController.swift */ = {isa = PBXFileReference; lastKnownFileType = sourcecode.swift; path = MapViewController.swift; sourceTree = "<group>"; };
		4F964624211C11AB00114B03 /* Base */ = {isa = PBXFileReference; lastKnownFileType = file.storyboard; name = Base; path = Base.lproj/Main.storyboard; sourceTree = "<group>"; };
		4F964626211C11AC00114B03 /* Assets.xcassets */ = {isa = PBXFileReference; lastKnownFileType = folder.assetcatalog; path = Assets.xcassets; sourceTree = "<group>"; };
		4F964629211C11AC00114B03 /* Base */ = {isa = PBXFileReference; lastKnownFileType = file.storyboard; name = Base; path = Base.lproj/LaunchScreen.storyboard; sourceTree = "<group>"; };
		4F96462B211C11AC00114B03 /* Info.plist */ = {isa = PBXFileReference; lastKnownFileType = text.plist.xml; path = Info.plist; sourceTree = "<group>"; };
		4F964630211C11AC00114B03 /* DepthMeasurementsTests.xctest */ = {isa = PBXFileReference; explicitFileType = wrapper.cfbundle; includeInIndex = 0; path = DepthMeasurementsTests.xctest; sourceTree = BUILT_PRODUCTS_DIR; };
		4F964634211C11AC00114B03 /* DepthMeasurementsTests.swift */ = {isa = PBXFileReference; lastKnownFileType = sourcecode.swift; path = DepthMeasurementsTests.swift; sourceTree = "<group>"; };
		4F964636211C11AC00114B03 /* Info.plist */ = {isa = PBXFileReference; lastKnownFileType = text.plist.xml; path = Info.plist; sourceTree = "<group>"; };
		4F96463B211C11AC00114B03 /* DepthMeasurementsUITests.xctest */ = {isa = PBXFileReference; explicitFileType = wrapper.cfbundle; includeInIndex = 0; path = DepthMeasurementsUITests.xctest; sourceTree = BUILT_PRODUCTS_DIR; };
		4F96463F211C11AC00114B03 /* DepthMeasurementsUITests.swift */ = {isa = PBXFileReference; lastKnownFileType = sourcecode.swift; path = DepthMeasurementsUITests.swift; sourceTree = "<group>"; };
		4F964641211C11AC00114B03 /* Info.plist */ = {isa = PBXFileReference; lastKnownFileType = text.plist.xml; path = Info.plist; sourceTree = "<group>"; };
		4F96464E211C210D00114B03 /* CoreLocation.framework */ = {isa = PBXFileReference; lastKnownFileType = wrapper.framework; name = CoreLocation.framework; path = System/Library/Frameworks/CoreLocation.framework; sourceTree = SDKROOT; };
		4F964650211C31B000114B03 /* MeasurementsModel.swift */ = {isa = PBXFileReference; lastKnownFileType = sourcecode.swift; path = MeasurementsModel.swift; sourceTree = "<group>"; };
		4FC817A8211C5D1A006B6ECD /* PagesViewController.swift */ = {isa = PBXFileReference; lastKnownFileType = sourcecode.swift; path = PagesViewController.swift; sourceTree = "<group>"; };
		4FEA6333212163C400E33AE9 /* MeasurementTableRowTableViewCell.swift */ = {isa = PBXFileReference; lastKnownFileType = sourcecode.swift; path = MeasurementTableRowTableViewCell.swift; sourceTree = "<group>"; };
		4FEA633521216FD800E33AE9 /* MeasurementTableViewController.swift */ = {isa = PBXFileReference; lastKnownFileType = sourcecode.swift; path = MeasurementTableViewController.swift; sourceTree = "<group>"; };
/* End PBXFileReference section */

/* Begin PBXFrameworksBuildPhase section */
		4F964619211C11AB00114B03 /* Frameworks */ = {
			isa = PBXFrameworksBuildPhase;
			buildActionMask = 2147483647;
			files = (
				4F96464F211C210D00114B03 /* CoreLocation.framework in Frameworks */,
			);
			runOnlyForDeploymentPostprocessing = 0;
		};
		4F96462D211C11AC00114B03 /* Frameworks */ = {
			isa = PBXFrameworksBuildPhase;
			buildActionMask = 2147483647;
			files = (
			);
			runOnlyForDeploymentPostprocessing = 0;
		};
		4F964638211C11AC00114B03 /* Frameworks */ = {
			isa = PBXFrameworksBuildPhase;
			buildActionMask = 2147483647;
			files = (
			);
			runOnlyForDeploymentPostprocessing = 0;
		};
/* End PBXFrameworksBuildPhase section */

/* Begin PBXGroup section */
		4F964613211C11AB00114B03 = {
			isa = PBXGroup;
			children = (
				4F96461E211C11AB00114B03 /* DepthMeasurements */,
				4F964633211C11AC00114B03 /* DepthMeasurementsTests */,
				4F96463E211C11AC00114B03 /* DepthMeasurementsUITests */,
				4F96461D211C11AB00114B03 /* Products */,
				4F96464D211C210D00114B03 /* Frameworks */,
			);
			sourceTree = "<group>";
		};
		4F96461D211C11AB00114B03 /* Products */ = {
			isa = PBXGroup;
			children = (
				4F96461C211C11AB00114B03 /* DepthMeasurements.app */,
				4F964630211C11AC00114B03 /* DepthMeasurementsTests.xctest */,
				4F96463B211C11AC00114B03 /* DepthMeasurementsUITests.xctest */,
			);
			name = Products;
			sourceTree = "<group>";
		};
		4F96461E211C11AB00114B03 /* DepthMeasurements */ = {
			isa = PBXGroup;
			children = (
				4F964623211C11AB00114B03 /* Main.storyboard */,
				4F964628211C11AC00114B03 /* LaunchScreen.storyboard */,
				4F964626211C11AC00114B03 /* Assets.xcassets */,
				4F96462B211C11AC00114B03 /* Info.plist */,
				4F96461F211C11AB00114B03 /* AppDelegate.swift */,
				4F964650211C31B000114B03 /* MeasurementsModel.swift */,
				4FC817A8211C5D1A006B6ECD /* PagesViewController.swift */,
				4FEA6333212163C400E33AE9 /* MeasurementTableRowTableViewCell.swift */,
				4F964621211C11AB00114B03 /* MapViewController.swift */,
				4FEA633521216FD800E33AE9 /* MeasurementTableViewController.swift */,
			);
			path = DepthMeasurements;
			sourceTree = "<group>";
		};
		4F964633211C11AC00114B03 /* DepthMeasurementsTests */ = {
			isa = PBXGroup;
			children = (
				4F964634211C11AC00114B03 /* DepthMeasurementsTests.swift */,
				4F964636211C11AC00114B03 /* Info.plist */,
			);
			path = DepthMeasurementsTests;
			sourceTree = "<group>";
		};
		4F96463E211C11AC00114B03 /* DepthMeasurementsUITests */ = {
			isa = PBXGroup;
			children = (
				4F96463F211C11AC00114B03 /* DepthMeasurementsUITests.swift */,
				4F964641211C11AC00114B03 /* Info.plist */,
			);
			path = DepthMeasurementsUITests;
			sourceTree = "<group>";
		};
		4F96464D211C210D00114B03 /* Frameworks */ = {
			isa = PBXGroup;
			children = (
				4F96464E211C210D00114B03 /* CoreLocation.framework */,
			);
			name = Frameworks;
			sourceTree = "<group>";
		};
/* End PBXGroup section */

/* Begin PBXNativeTarget section */
		4F96461B211C11AB00114B03 /* DepthMeasurements */ = {
			isa = PBXNativeTarget;
			buildConfigurationList = 4F964644211C11AC00114B03 /* Build configuration list for PBXNativeTarget "DepthMeasurements" */;
			buildPhases = (
				4F964618211C11AB00114B03 /* Sources */,
				4F964619211C11AB00114B03 /* Frameworks */,
				4F96461A211C11AB00114B03 /* Resources */,
			);
			buildRules = (
			);
			dependencies = (
			);
			name = DepthMeasurements;
			productName = DepthMeasurements;
			productReference = 4F96461C211C11AB00114B03 /* DepthMeasurements.app */;
			productType = "com.apple.product-type.application";
		};
		4F96462F211C11AC00114B03 /* DepthMeasurementsTests */ = {
			isa = PBXNativeTarget;
			buildConfigurationList = 4F964647211C11AC00114B03 /* Build configuration list for PBXNativeTarget "DepthMeasurementsTests" */;
			buildPhases = (
				4F96462C211C11AC00114B03 /* Sources */,
				4F96462D211C11AC00114B03 /* Frameworks */,
				4F96462E211C11AC00114B03 /* Resources */,
			);
			buildRules = (
			);
			dependencies = (
				4F964632211C11AC00114B03 /* PBXTargetDependency */,
			);
			name = DepthMeasurementsTests;
			productName = DepthMeasurementsTests;
			productReference = 4F964630211C11AC00114B03 /* DepthMeasurementsTests.xctest */;
			productType = "com.apple.product-type.bundle.unit-test";
		};
		4F96463A211C11AC00114B03 /* DepthMeasurementsUITests */ = {
			isa = PBXNativeTarget;
			buildConfigurationList = 4F96464A211C11AC00114B03 /* Build configuration list for PBXNativeTarget "DepthMeasurementsUITests" */;
			buildPhases = (
				4F964637211C11AC00114B03 /* Sources */,
				4F964638211C11AC00114B03 /* Frameworks */,
				4F964639211C11AC00114B03 /* Resources */,
			);
			buildRules = (
			);
			dependencies = (
				4F96463D211C11AC00114B03 /* PBXTargetDependency */,
			);
			name = DepthMeasurementsUITests;
			productName = DepthMeasurementsUITests;
			productReference = 4F96463B211C11AC00114B03 /* DepthMeasurementsUITests.xctest */;
			productType = "com.apple.product-type.bundle.ui-testing";
		};
/* End PBXNativeTarget section */

/* Begin PBXProject section */
		4F964614211C11AB00114B03 /* Project object */ = {
			isa = PBXProject;
			attributes = {
				LastSwiftUpdateCheck = 0940;
				LastUpgradeCheck = 0940;
				ORGANIZATIONNAME = "Jukka Aittola";
				TargetAttributes = {
					4F96461B211C11AB00114B03 = {
						CreatedOnToolsVersion = 9.4.1;
					};
					4F96462F211C11AC00114B03 = {
						CreatedOnToolsVersion = 9.4.1;
						TestTargetID = 4F96461B211C11AB00114B03;
					};
					4F96463A211C11AC00114B03 = {
						CreatedOnToolsVersion = 9.4.1;
						TestTargetID = 4F96461B211C11AB00114B03;
					};
				};
			};
			buildConfigurationList = 4F964617211C11AB00114B03 /* Build configuration list for PBXProject "DepthMeasurements" */;
			compatibilityVersion = "Xcode 9.3";
			developmentRegion = en;
			hasScannedForEncodings = 0;
			knownRegions = (
				en,
				Base,
			);
			mainGroup = 4F964613211C11AB00114B03;
			productRefGroup = 4F96461D211C11AB00114B03 /* Products */;
			projectDirPath = "";
			projectRoot = "";
			targets = (
				4F96461B211C11AB00114B03 /* DepthMeasurements */,
				4F96462F211C11AC00114B03 /* DepthMeasurementsTests */,
				4F96463A211C11AC00114B03 /* DepthMeasurementsUITests */,
			);
		};
/* End PBXProject section */

/* Begin PBXResourcesBuildPhase section */
		4F96461A211C11AB00114B03 /* Resources */ = {
			isa = PBXResourcesBuildPhase;
			buildActionMask = 2147483647;
			files = (
				4F96462A211C11AC00114B03 /* LaunchScreen.storyboard in Resources */,
				4F964627211C11AC00114B03 /* Assets.xcassets in Resources */,
				4F964625211C11AB00114B03 /* Main.storyboard in Resources */,
			);
			runOnlyForDeploymentPostprocessing = 0;
		};
		4F96462E211C11AC00114B03 /* Resources */ = {
			isa = PBXResourcesBuildPhase;
			buildActionMask = 2147483647;
			files = (
			);
			runOnlyForDeploymentPostprocessing = 0;
		};
		4F964639211C11AC00114B03 /* Resources */ = {
			isa = PBXResourcesBuildPhase;
			buildActionMask = 2147483647;
			files = (
			);
			runOnlyForDeploymentPostprocessing = 0;
		};
/* End PBXResourcesBuildPhase section */

/* Begin PBXSourcesBuildPhase section */
		4F964618211C11AB00114B03 /* Sources */ = {
			isa = PBXSourcesBuildPhase;
			buildActionMask = 2147483647;
			files = (
				4F964651211C31B000114B03 /* MeasurementsModel.swift in Sources */,
				4F964622211C11AB00114B03 /* MapViewController.swift in Sources */,
				4FEA6334212163C400E33AE9 /* MeasurementTableRowTableViewCell.swift in Sources */,
				4F964620211C11AB00114B03 /* AppDelegate.swift in Sources */,
				4FEA633621216FD800E33AE9 /* MeasurementTableViewController.swift in Sources */,
				4FC817A9211C5D1A006B6ECD /* PagesViewController.swift in Sources */,
			);
			runOnlyForDeploymentPostprocessing = 0;
		};
		4F96462C211C11AC00114B03 /* Sources */ = {
			isa = PBXSourcesBuildPhase;
			buildActionMask = 2147483647;
			files = (
				4F964635211C11AC00114B03 /* DepthMeasurementsTests.swift in Sources */,
			);
			runOnlyForDeploymentPostprocessing = 0;
		};
		4F964637211C11AC00114B03 /* Sources */ = {
			isa = PBXSourcesBuildPhase;
			buildActionMask = 2147483647;
			files = (
				4F964640211C11AC00114B03 /* DepthMeasurementsUITests.swift in Sources */,
			);
			runOnlyForDeploymentPostprocessing = 0;
		};
/* End PBXSourcesBuildPhase section */

/* Begin PBXTargetDependency section */
		4F964632211C11AC00114B03 /* PBXTargetDependency */ = {
			isa = PBXTargetDependency;
			target = 4F96461B211C11AB00114B03 /* DepthMeasurements */;
			targetProxy = 4F964631211C11AC00114B03 /* PBXContainerItemProxy */;
		};
		4F96463D211C11AC00114B03 /* PBXTargetDependency */ = {
			isa = PBXTargetDependency;
			target = 4F96461B211C11AB00114B03 /* DepthMeasurements */;
			targetProxy = 4F96463C211C11AC00114B03 /* PBXContainerItemProxy */;
		};
/* End PBXTargetDependency section */

/* Begin PBXVariantGroup section */
		4F964623211C11AB00114B03 /* Main.storyboard */ = {
			isa = PBXVariantGroup;
			children = (
				4F964624211C11AB00114B03 /* Base */,
			);
			name = Main.storyboard;
			sourceTree = "<group>";
		};
		4F964628211C11AC00114B03 /* LaunchScreen.storyboard */ = {
			isa = PBXVariantGroup;
			children = (
				4F964629211C11AC00114B03 /* Base */,
			);
			name = LaunchScreen.storyboard;
			sourceTree = "<group>";
		};
/* End PBXVariantGroup section */

/* Begin XCBuildConfiguration section */
		4F964642211C11AC00114B03 /* Debug */ = {
			isa = XCBuildConfiguration;
			buildSettings = {
				ALWAYS_SEARCH_USER_PATHS = NO;
				CLANG_ANALYZER_NONNULL = YES;
				CLANG_ANALYZER_NUMBER_OBJECT_CONVERSION = YES_AGGRESSIVE;
				CLANG_CXX_LANGUAGE_STANDARD = "gnu++14";
				CLANG_CXX_LIBRARY = "libc++";
				CLANG_ENABLE_MODULES = YES;
				CLANG_ENABLE_OBJC_ARC = YES;
				CLANG_ENABLE_OBJC_WEAK = YES;
				CLANG_WARN_BLOCK_CAPTURE_AUTORELEASING = YES;
				CLANG_WARN_BOOL_CONVERSION = YES;
				CLANG_WARN_COMMA = YES;
				CLANG_WARN_CONSTANT_CONVERSION = YES;
				CLANG_WARN_DEPRECATED_OBJC_IMPLEMENTATIONS = YES;
				CLANG_WARN_DIRECT_OBJC_ISA_USAGE = YES_ERROR;
				CLANG_WARN_DOCUMENTATION_COMMENTS = YES;
				CLANG_WARN_EMPTY_BODY = YES;
				CLANG_WARN_ENUM_CONVERSION = YES;
				CLANG_WARN_INFINITE_RECURSION = YES;
				CLANG_WARN_INT_CONVERSION = YES;
				CLANG_WARN_NON_LITERAL_NULL_CONVERSION = YES;
				CLANG_WARN_OBJC_IMPLICIT_RETAIN_SELF = YES;
				CLANG_WARN_OBJC_LITERAL_CONVERSION = YES;
				CLANG_WARN_OBJC_ROOT_CLASS = YES_ERROR;
				CLANG_WARN_RANGE_LOOP_ANALYSIS = YES;
				CLANG_WARN_STRICT_PROTOTYPES = YES;
				CLANG_WARN_SUSPICIOUS_MOVE = YES;
				CLANG_WARN_UNGUARDED_AVAILABILITY = YES_AGGRESSIVE;
				CLANG_WARN_UNREACHABLE_CODE = YES;
				CLANG_WARN__DUPLICATE_METHOD_MATCH = YES;
				CODE_SIGN_IDENTITY = "iPhone Developer";
				COPY_PHASE_STRIP = NO;
				DEBUG_INFORMATION_FORMAT = dwarf;
				ENABLE_STRICT_OBJC_MSGSEND = YES;
				ENABLE_TESTABILITY = YES;
				GCC_C_LANGUAGE_STANDARD = gnu11;
				GCC_DYNAMIC_NO_PIC = NO;
				GCC_NO_COMMON_BLOCKS = YES;
				GCC_OPTIMIZATION_LEVEL = 0;
				GCC_PREPROCESSOR_DEFINITIONS = (
					"DEBUG=1",
					"$(inherited)",
				);
				GCC_WARN_64_TO_32_BIT_CONVERSION = YES;
				GCC_WARN_ABOUT_RETURN_TYPE = YES_ERROR;
				GCC_WARN_UNDECLARED_SELECTOR = YES;
				GCC_WARN_UNINITIALIZED_AUTOS = YES_AGGRESSIVE;
				GCC_WARN_UNUSED_FUNCTION = YES;
				GCC_WARN_UNUSED_VARIABLE = YES;
				IPHONEOS_DEPLOYMENT_TARGET = 11.4;
				MTL_ENABLE_DEBUG_INFO = YES;
				ONLY_ACTIVE_ARCH = YES;
				SDKROOT = iphoneos;
				SWIFT_ACTIVE_COMPILATION_CONDITIONS = DEBUG;
				SWIFT_OPTIMIZATION_LEVEL = "-Onone";
			};
			name = Debug;
		};
		4F964643211C11AC00114B03 /* Release */ = {
			isa = XCBuildConfiguration;
			buildSettings = {
				ALWAYS_SEARCH_USER_PATHS = NO;
				CLANG_ANALYZER_NONNULL = YES;
				CLANG_ANALYZER_NUMBER_OBJECT_CONVERSION = YES_AGGRESSIVE;
				CLANG_CXX_LANGUAGE_STANDARD = "gnu++14";
				CLANG_CXX_LIBRARY = "libc++";
				CLANG_ENABLE_MODULES = YES;
				CLANG_ENABLE_OBJC_ARC = YES;
				CLANG_ENABLE_OBJC_WEAK = YES;
				CLANG_WARN_BLOCK_CAPTURE_AUTORELEASING = YES;
				CLANG_WARN_BOOL_CONVERSION = YES;
				CLANG_WARN_COMMA = YES;
				CLANG_WARN_CONSTANT_CONVERSION = YES;
				CLANG_WARN_DEPRECATED_OBJC_IMPLEMENTATIONS = YES;
				CLANG_WARN_DIRECT_OBJC_ISA_USAGE = YES_ERROR;
				CLANG_WARN_DOCUMENTATION_COMMENTS = YES;
				CLANG_WARN_EMPTY_BODY = YES;
				CLANG_WARN_ENUM_CONVERSION = YES;
				CLANG_WARN_INFINITE_RECURSION = YES;
				CLANG_WARN_INT_CONVERSION = YES;
				CLANG_WARN_NON_LITERAL_NULL_CONVERSION = YES;
				CLANG_WARN_OBJC_IMPLICIT_RETAIN_SELF = YES;
				CLANG_WARN_OBJC_LITERAL_CONVERSION = YES;
				CLANG_WARN_OBJC_ROOT_CLASS = YES_ERROR;
				CLANG_WARN_RANGE_LOOP_ANALYSIS = YES;
				CLANG_WARN_STRICT_PROTOTYPES = YES;
				CLANG_WARN_SUSPICIOUS_MOVE = YES;
				CLANG_WARN_UNGUARDED_AVAILABILITY = YES_AGGRESSIVE;
				CLANG_WARN_UNREACHABLE_CODE = YES;
				CLANG_WARN__DUPLICATE_METHOD_MATCH = YES;
				CODE_SIGN_IDENTITY = "iPhone Developer";
				COPY_PHASE_STRIP = NO;
				DEBUG_INFORMATION_FORMAT = "dwarf-with-dsym";
				ENABLE_NS_ASSERTIONS = NO;
				ENABLE_STRICT_OBJC_MSGSEND = YES;
				GCC_C_LANGUAGE_STANDARD = gnu11;
				GCC_NO_COMMON_BLOCKS = YES;
				GCC_WARN_64_TO_32_BIT_CONVERSION = YES;
				GCC_WARN_ABOUT_RETURN_TYPE = YES_ERROR;
				GCC_WARN_UNDECLARED_SELECTOR = YES;
				GCC_WARN_UNINITIALIZED_AUTOS = YES_AGGRESSIVE;
				GCC_WARN_UNUSED_FUNCTION = YES;
				GCC_WARN_UNUSED_VARIABLE = YES;
				IPHONEOS_DEPLOYMENT_TARGET = 11.4;
				MTL_ENABLE_DEBUG_INFO = NO;
				SDKROOT = iphoneos;
				SWIFT_COMPILATION_MODE = wholemodule;
				SWIFT_OPTIMIZATION_LEVEL = "-O";
				VALIDATE_PRODUCT = YES;
			};
			name = Release;
		};
		4F964645211C11AC00114B03 /* Debug */ = {
			isa = XCBuildConfiguration;
			buildSettings = {
				ASSETCATALOG_COMPILER_APPICON_NAME = AppIcon;
				CODE_SIGN_STYLE = Automatic;
				DEVELOPMENT_TEAM = L3BYPUKWJN;
				INFOPLIST_FILE = DepthMeasurements/Info.plist;
				LD_RUNPATH_SEARCH_PATHS = (
					"$(inherited)",
					"@executable_path/Frameworks",
				);
				PRODUCT_BUNDLE_IDENTIFIER = fi.iki.jaittola.DepthMeasurements;
				PRODUCT_NAME = "$(TARGET_NAME)";
				SWIFT_VERSION = 4.0;
				TARGETED_DEVICE_FAMILY = "1,2";
			};
			name = Debug;
		};
		4F964646211C11AC00114B03 /* Release */ = {
			isa = XCBuildConfiguration;
			buildSettings = {
				ASSETCATALOG_COMPILER_APPICON_NAME = AppIcon;
				CODE_SIGN_STYLE = Automatic;
				DEVELOPMENT_TEAM = L3BYPUKWJN;
				INFOPLIST_FILE = DepthMeasurements/Info.plist;
				LD_RUNPATH_SEARCH_PATHS = (
					"$(inherited)",
					"@executable_path/Frameworks",
				);
				PRODUCT_BUNDLE_IDENTIFIER = fi.iki.jaittola.DepthMeasurements;
				PRODUCT_NAME = "$(TARGET_NAME)";
				SWIFT_VERSION = 4.0;
				TARGETED_DEVICE_FAMILY = "1,2";
			};
			name = Release;
		};
		4F964648211C11AC00114B03 /* Debug */ = {
			isa = XCBuildConfiguration;
			buildSettings = {
				ALWAYS_EMBED_SWIFT_STANDARD_LIBRARIES = YES;
				BUNDLE_LOADER = "$(TEST_HOST)";
				CODE_SIGN_STYLE = Automatic;
				DEVELOPMENT_TEAM = L3BYPUKWJN;
				INFOPLIST_FILE = DepthMeasurementsTests/Info.plist;
				LD_RUNPATH_SEARCH_PATHS = (
					"$(inherited)",
					"@executable_path/Frameworks",
					"@loader_path/Frameworks",
				);
				PRODUCT_BUNDLE_IDENTIFIER = fi.iki.jaittola.DepthMeasurementsTests;
				PRODUCT_NAME = "$(TARGET_NAME)";
				SWIFT_VERSION = 4.0;
				TARGETED_DEVICE_FAMILY = "1,2";
				TEST_HOST = "$(BUILT_PRODUCTS_DIR)/DepthMeasurements.app/DepthMeasurements";
			};
			name = Debug;
		};
		4F964649211C11AC00114B03 /* Release */ = {
			isa = XCBuildConfiguration;
			buildSettings = {
				ALWAYS_EMBED_SWIFT_STANDARD_LIBRARIES = YES;
				BUNDLE_LOADER = "$(TEST_HOST)";
				CODE_SIGN_STYLE = Automatic;
				DEVELOPMENT_TEAM = L3BYPUKWJN;
				INFOPLIST_FILE = DepthMeasurementsTests/Info.plist;
				LD_RUNPATH_SEARCH_PATHS = (
					"$(inherited)",
					"@executable_path/Frameworks",
					"@loader_path/Frameworks",
				);
				PRODUCT_BUNDLE_IDENTIFIER = fi.iki.jaittola.DepthMeasurementsTests;
				PRODUCT_NAME = "$(TARGET_NAME)";
				SWIFT_VERSION = 4.0;
				TARGETED_DEVICE_FAMILY = "1,2";
				TEST_HOST = "$(BUILT_PRODUCTS_DIR)/DepthMeasurements.app/DepthMeasurements";
			};
			name = Release;
		};
		4F96464B211C11AC00114B03 /* Debug */ = {
			isa = XCBuildConfiguration;
			buildSettings = {
				ALWAYS_EMBED_SWIFT_STANDARD_LIBRARIES = YES;
				CODE_SIGN_STYLE = Automatic;
				DEVELOPMENT_TEAM = L3BYPUKWJN;
				INFOPLIST_FILE = DepthMeasurementsUITests/Info.plist;
				LD_RUNPATH_SEARCH_PATHS = (
					"$(inherited)",
					"@executable_path/Frameworks",
					"@loader_path/Frameworks",
				);
				PRODUCT_BUNDLE_IDENTIFIER = fi.iki.jaittola.DepthMeasurementsUITests;
				PRODUCT_NAME = "$(TARGET_NAME)";
				SWIFT_VERSION = 4.0;
				TARGETED_DEVICE_FAMILY = "1,2";
				TEST_TARGET_NAME = DepthMeasurements;
			};
			name = Debug;
		};
		4F96464C211C11AC00114B03 /* Release */ = {
			isa = XCBuildConfiguration;
			buildSettings = {
				ALWAYS_EMBED_SWIFT_STANDARD_LIBRARIES = YES;
				CODE_SIGN_STYLE = Automatic;
				DEVELOPMENT_TEAM = L3BYPUKWJN;
				INFOPLIST_FILE = DepthMeasurementsUITests/Info.plist;
				LD_RUNPATH_SEARCH_PATHS = (
					"$(inherited)",
					"@executable_path/Frameworks",
					"@loader_path/Frameworks",
				);
				PRODUCT_BUNDLE_IDENTIFIER = fi.iki.jaittola.DepthMeasurementsUITests;
				PRODUCT_NAME = "$(TARGET_NAME)";
				SWIFT_VERSION = 4.0;
				TARGETED_DEVICE_FAMILY = "1,2";
				TEST_TARGET_NAME = DepthMeasurements;
			};
			name = Release;
		};
/* End XCBuildConfiguration section */

/* Begin XCConfigurationList section */
		4F964617211C11AB00114B03 /* Build configuration list for PBXProject "DepthMeasurements" */ = {
			isa = XCConfigurationList;
			buildConfigurations = (
				4F964642211C11AC00114B03 /* Debug */,
				4F964643211C11AC00114B03 /* Release */,
			);
			defaultConfigurationIsVisible = 0;
			defaultConfigurationName = Release;
		};
		4F964644211C11AC00114B03 /* Build configuration list for PBXNativeTarget "DepthMeasurements" */ = {
			isa = XCConfigurationList;
			buildConfigurations = (
				4F964645211C11AC00114B03 /* Debug */,
				4F964646211C11AC00114B03 /* Release */,
			);
			defaultConfigurationIsVisible = 0;
			defaultConfigurationName = Release;
		};
		4F964647211C11AC00114B03 /* Build configuration list for PBXNativeTarget "DepthMeasurementsTests" */ = {
			isa = XCConfigurationList;
			buildConfigurations = (
				4F964648211C11AC00114B03 /* Debug */,
				4F964649211C11AC00114B03 /* Release */,
			);
			defaultConfigurationIsVisible = 0;
			defaultConfigurationName = Release;
		};
		4F96464A211C11AC00114B03 /* Build configuration list for PBXNativeTarget "DepthMeasurementsUITests" */ = {
			isa = XCConfigurationList;
			buildConfigurations = (
				4F96464B211C11AC00114B03 /* Debug */,
				4F96464C211C11AC00114B03 /* Release */,
			);
			defaultConfigurationIsVisible = 0;
			defaultConfigurationName = Release;
		};
/* End XCConfigurationList section */
	};
	rootObject = 4F964614211C11AB00114B03 /* Project object */;
}
